
Microsoft Visual Studio Solution File, Format Version 12.00
# Visual Studio Version 17
VisualStudioVersion = 17.2.32414.248
MinimumVisualStudioVersion = 10.0.40219.1
Project("{FAE04EC0-301F-11D3-BF4B-00C04F79EFBC}") = "FatNoder", "FatNoder\FatNoder.csproj", "{AAFD1512-CFE7-4289-B297-A2C4F26C6EBE}"
EndProject
Global
	GlobalSection(SolutionConfigurationPlatforms) = preSolution
		Debug|Any CPU = Debug|Any CPU
		Release|Any CPU = Release|Any CPU
	EndGlobalSection
	GlobalSection(ProjectConfigurationPlatforms) = postSolution
		{AAFD1512-CFE7-4289-B297-A2C4F26C6EBE}.Debug|Any CPU.ActiveCfg = Debug|Any CPU
		{AAFD1512-CFE7-4289-B297-A2C4F26C6EBE}.Debug|Any CPU.Build.0 = Debug|Any CPU
		{AAFD1512-CFE7-4289-B297-A2C4F26C6EBE}.Release|Any CPU.ActiveCfg = Release|Any CPU
		{AAFD1512-CFE7-4289-B297-A2C4F26C6EBE}.Release|Any CPU.Build.0 = Release|Any CPU
	EndGlobalSection
	GlobalSection(SolutionProperties) = preSolution
		HideSolutionNode = FALSE
	EndGlobalSection
	GlobalSection(ExtensibilityGlobals) = postSolution
		SolutionGuid = {CFAD1B4E-7FFD-4443-907A-8BC1FA21B2BA}
	EndGlobalSection
EndGlobal
